
Microsoft Visual Studio Solution File, Format Version 12.00
# Visual Studio Version 17
VisualStudioVersion = 17.6.33927.249
MinimumVisualStudioVersion = 10.0.40219.1
Project("{9A19103F-16F7-4668-BE54-9A1E7A4F7556}") = "Taskforce.ConfigurationTest", "Taskforce.ConfigurationTest\Taskforce.ConfigurationTest.csproj", "{ED86AC3A-B576-4B6C-9610-47ACC5372E1B}"
EndProject
Project("{FAE04EC0-301F-11D3-BF4B-00C04F79EFBC}") = "Taskforce", "Taskforce\Taskforce.csproj", "{B8213674-6334-48D5-969F-15D6166D0DBB}"
EndProject
Global
	GlobalSection(SolutionConfigurationPlatforms) = preSolution
		Debug|Any CPU = Debug|Any CPU
		Release|Any CPU = Release|Any CPU
	EndGlobalSection
	GlobalSection(ProjectConfigurationPlatforms) = postSolution
		{ED86AC3A-B576-4B6C-9610-47ACC5372E1B}.Debug|Any CPU.ActiveCfg = Debug|Any CPU
		{ED86AC3A-B576-4B6C-9610-47ACC5372E1B}.Debug|Any CPU.Build.0 = Debug|Any CPU
		{ED86AC3A-B576-4B6C-9610-47ACC5372E1B}.Release|Any CPU.ActiveCfg = Release|Any CPU
		{ED86AC3A-B576-4B6C-9610-47ACC5372E1B}.Release|Any CPU.Build.0 = Release|Any CPU
		{B8213674-6334-48D5-969F-15D6166D0DBB}.Debug|Any CPU.ActiveCfg = Debug|Any CPU
		{B8213674-6334-48D5-969F-15D6166D0DBB}.Debug|Any CPU.Build.0 = Debug|Any CPU
		{B8213674-6334-48D5-969F-15D6166D0DBB}.Release|Any CPU.ActiveCfg = Release|Any CPU
		{B8213674-6334-48D5-969F-15D6166D0DBB}.Release|Any CPU.Build.0 = Release|Any CPU
	EndGlobalSection
	GlobalSection(SolutionProperties) = preSolution
		HideSolutionNode = FALSE
	EndGlobalSection
	GlobalSection(ExtensibilityGlobals) = postSolution
		SolutionGuid = {21D95D55-1CC6-4489-BDBC-4736A673ABA1}
	EndGlobalSection
EndGlobal
